
Microsoft Visual Studio Solution File, Format Version 12.00
# Visual Studio Version 16
Project("{8BC9CEB8-8B4A-11D0-8D11-00A0C91BC942}") = "MYLE-Examples", "MYLE-Examples\MYLE-Examples.vcxproj", "{6864AE26-D424-2A5D-9D5F-73DA09DF6E39}"
EndProject
Project("{8BC9CEB8-8B4A-11D0-8D11-00A0C91BC942}") = "MYLE", "MYLE\MYLE.vcxproj", "{5CCD887C-4804-8A0D-F1F0-6F10DD06060F}"
EndProject
Global
	GlobalSection(SolutionConfigurationPlatforms) = preSolution
		Debug|x64 = Debug|x64
		Release|x64 = Release|x64
	EndGlobalSection
	GlobalSection(ProjectConfigurationPlatforms) = postSolution
		{6864AE26-D424-2A5D-9D5F-73DA09DF6E39}.Debug|x64.ActiveCfg = Debug|x64
		{6864AE26-D424-2A5D-9D5F-73DA09DF6E39}.Debug|x64.Build.0 = Debug|x64
		{6864AE26-D424-2A5D-9D5F-73DA09DF6E39}.Release|x64.ActiveCfg = Release|x64
		{6864AE26-D424-2A5D-9D5F-73DA09DF6E39}.Release|x64.Build.0 = Release|x64
		{5CCD887C-4804-8A0D-F1F0-6F10DD06060F}.Debug|x64.ActiveCfg = Debug|x64
		{5CCD887C-4804-8A0D-F1F0-6F10DD06060F}.Debug|x64.Build.0 = Debug|x64
		{5CCD887C-4804-8A0D-F1F0-6F10DD06060F}.Release|x64.ActiveCfg = Release|x64
		{5CCD887C-4804-8A0D-F1F0-6F10DD06060F}.Release|x64.Build.0 = Release|x64
	EndGlobalSection
	GlobalSection(SolutionProperties) = preSolution
		HideSolutionNode = FALSE
	EndGlobalSection
EndGlobal
