<?xml version="1.0" encoding="utf-8"?>
<Project ToolsVersion="4.0" xmlns="http://schemas.microsoft.com/developer/msbuild/2003">
  <ItemGroup>
    <Filter Include="Source Files">
      <UniqueIdentifier>{4FC737F1-C7A5-4376-A066-2A32D752A2FF}</UniqueIdentifier>
      <Extensions>cpp;c;cc;cxx;def;odl;idl;hpj;bat;asm;asmx</Extensions>
    </Filter>
    <Filter Include="Header Files">
      <UniqueIdentifier>{93995380-89BD-4b04-88EB-625FBE52EBFB}</UniqueIdentifier>
      <Extensions>h;hh;hpp;hxx;hm;inl;inc;xsd</Extensions>
    </Filter>
    <Filter Include="Resource Files">
      <UniqueIdentifier>{67DA6AB6-F800-4c08-8B7A-83BB121AAD01}</UniqueIdentifier>
      <Extensions>rc;ico;cur;bmp;dlg;rc2;rct;bin;rgs;gif;jpg;jpeg;jpe;resx;tiff;tif;png;wav</Extensions>
    </Filter>
    <Filter Include="Header Files\Geometry">
      <UniqueIdentifier>{587645f8-b98c-4099-acff-b8743c79146d}</UniqueIdentifier>
    </Filter>
    <Filter Include="Header Files\Geometry\2D">
      <UniqueIdentifier>{ecdb10c6-6575-4640-997a-0daaa4932881}</UniqueIdentifier>
    </Filter>
    <Filter Include="Header Files\Geometry\2D\Private">
      <UniqueIdentifier>{14179856-10ce-4a28-b6df-f80e341e3f70}</UniqueIdentifier>
    </Filter>
    <Filter Include="Header Files\Data">
      <UniqueIdentifier>{281a5054-e562-4d73-9e24-0ed2f731b264}</UniqueIdentifier>
    </Filter>
    <Filter Include="Header Files\Data\Enums">
      <UniqueIdentifier>{d073569a-097e-4fc3-b85c-d03eedc0b465}</UniqueIdentifier>
    </Filter>
    <Filter Include="Header Files\Data\Abstract Classes">
      <UniqueIdentifier>{19d97e21-910a-478e-8798-7ac65a31b2a7}</UniqueIdentifier>
    </Filter>
  </ItemGroup>
  <ItemGroup>
    <ClInclude Include="include\myle.h">
      <Filter>Header Files</Filter>
    </ClInclude>
    <ClInclude Include="include\myle_string.h">
      <Filter>Header Files</Filter>
    </ClInclude>
    <ClInclude Include="include\myle_integer.h">
      <Filter>Header Files</Filter>
    </ClInclude>
    <ClInclude Include="include\myle_file.h">
      <Filter>Header Files</Filter>
    </ClInclude>
    <ClInclude Include="include\myle_algorithm.h">
      <Filter>Header Files</Filter>
    </ClInclude>
    <ClInclude Include="include\myle_global.h">
      <Filter>Header Files</Filter>
    </ClInclude>
    <ClInclude Include="include\myle_makro.h">
      <Filter>Header Files</Filter>
    </ClInclude>
    <ClInclude Include="include\myle_benchmark.h">
      <Filter>Header Files</Filter>
    </ClInclude>
    <ClInclude Include="include\myle_object2d.h">
      <Filter>Header Files\Geometry\2D</Filter>
    </ClInclude>
    <ClInclude Include="include\myle_identifieable.h">
      <Filter>Header Files\Data\Abstract Classes</Filter>
    </ClInclude>
    <ClInclude Include="include\myle_character.h">
      <Filter>Header Files</Filter>
    </ClInclude>
    <ClInclude Include="include\myle_init.h">
      <Filter>Header Files</Filter>
    </ClInclude>
    <ClInclude Include="include\myle_data.h">
      <Filter>Header Files</Filter>
    </ClInclude>
    <ClInclude Include="include\myle_number.h">
      <Filter>Header Files</Filter>
    </ClInclude>
    <ClInclude Include="include\myle_float.h">
      <Filter>Header Files</Filter>
    </ClInclude>
    <ClInclude Include="include\myle_memory.h">
      <Filter>Header Files</Filter>
    </ClInclude>
    <ClInclude Include="include\myle_console.h">
      <Filter>Header Files</Filter>
    </ClInclude>
    <ClInclude Include="include\myle_enum.h">
      <Filter>Header Files</Filter>
    </ClInclude>
    <ClInclude Include="include\myle_enum_entry.h">
      <Filter>Header Files</Filter>
    </ClInclude>
    <ClInclude Include="include\myle_regex.h">
      <Filter>Header Files</Filter>
    </ClInclude>
  </ItemGroup>
  <ItemGroup>
    <ClCompile Include="src\myle.cpp">
      <Filter>Source Files</Filter>
    </ClCompile>
    <ClCompile Include="example\regex_example.cpp">
      <Filter>Source Files</Filter>
    </ClCompile>
  </ItemGroup>
</Project>